// !$*UTF8*$!
{
	archiveVersion = 1;
	classes = {
	};
	objectVersion = 56;
	objects = {

/* Begin PBXBuildFile section */
		DA0A21AC2C48DFCA00423F65 /* FeedItem.swift in Sources */ = {isa = PBXBuildFile; fileRef = DA0A21AB2C48DFCA00423F65 /* FeedItem.swift */; };
		DA0E8E3B2C79AFC400B9DEB4 /* CacheFeedUseCasesTests.swift in Sources */ = {isa = PBXBuildFile; fileRef = DA0E8E3A2C79AFC400B9DEB4 /* CacheFeedUseCasesTests.swift */; };
		DA1765772C8AC9BD0075271B /* LocalFeedLoader.swift in Sources */ = {isa = PBXBuildFile; fileRef = DA1765762C8AC9BD0075271B /* LocalFeedLoader.swift */; };
		DA1765792C8ACA090075271B /* FeedStore.swift in Sources */ = {isa = PBXBuildFile; fileRef = DA1765782C8ACA090075271B /* FeedStore.swift */; };
		DA17657B2C8B03CE0075271B /* RemoteFeedItem.swift in Sources */ = {isa = PBXBuildFile; fileRef = DA17657A2C8B03CE0075271B /* RemoteFeedItem.swift */; };
		DA17657D2C8B03ED0075271B /* LocalFeedItem.swift in Sources */ = {isa = PBXBuildFile; fileRef = DA17657C2C8B03ED0075271B /* LocalFeedItem.swift */; };
		DA1EE0E92C5D419A005A211C /* XCTestCase+MemoryLeakTracking.swift in Sources */ = {isa = PBXBuildFile; fileRef = DA1EE0E82C5D419A005A211C /* XCTestCase+MemoryLeakTracking.swift */; };
		DA1EE0EB2C5D562D005A211C /* URLSessionHTTPClient.swift in Sources */ = {isa = PBXBuildFile; fileRef = DA1EE0EA2C5D562D005A211C /* URLSessionHTTPClient.swift */; };
		DA49589C2C451BE3002229C2 /* RemoteFeedLoader.swift in Sources */ = {isa = PBXBuildFile; fileRef = DA49589B2C451BE3002229C2 /* RemoteFeedLoader.swift */; };
		DA58C9062C627D4600A8F992 /* EssentialFeedAPIEndToEndTests.swift in Sources */ = {isa = PBXBuildFile; fileRef = DA58C9052C627D4600A8F992 /* EssentialFeedAPIEndToEndTests.swift */; };
		DA58C9072C627D4600A8F992 /* EssentialFeed.framework in Frameworks */ = {isa = PBXBuildFile; fileRef = DAA6FCFC2C3E85FC009B35D4 /* EssentialFeed.framework */; };
		DA58C90E2C62845100A8F992 /* XCTestCase+MemoryLeakTracking.swift in Sources */ = {isa = PBXBuildFile; fileRef = DA1EE0E82C5D419A005A211C /* XCTestCase+MemoryLeakTracking.swift */; };
		DA9632752C58E59D006069BB /* URLSessionHTTPClientTests.swift in Sources */ = {isa = PBXBuildFile; fileRef = DA9632742C58E59D006069BB /* URLSessionHTTPClientTests.swift */; };
		DA9B2ED12C3F9438003BDF58 /* LoadFeedFromRemoteUseCaseTests.swift in Sources */ = {isa = PBXBuildFile; fileRef = DA9B2ED02C3F9438003BDF58 /* LoadFeedFromRemoteUseCaseTests.swift */; };
		DAA6FD052C3E85FC009B35D4 /* EssentialFeed.framework in Frameworks */ = {isa = PBXBuildFile; fileRef = DAA6FCFC2C3E85FC009B35D4 /* EssentialFeed.framework */; };
		DABF90112C50AE4C008DD2CD /* HTTPClient.swift in Sources */ = {isa = PBXBuildFile; fileRef = DABF90102C50AE4C008DD2CD /* HTTPClient.swift */; };
		DABF90132C50AE7D008DD2CD /* FeedItemsMapper.swift in Sources */ = {isa = PBXBuildFile; fileRef = DABF90122C50AE7D008DD2CD /* FeedItemsMapper.swift */; };
		DAF0CF6A2C539C2800D6C86E /* FeedLoader.swift in Sources */ = {isa = PBXBuildFile; fileRef = DAF0CF692C539C2800D6C86E /* FeedLoader.swift */; };
/* End PBXBuildFile section */

/* Begin PBXContainerItemProxy section */
		DA58C9082C627D4600A8F992 /* PBXContainerItemProxy */ = {
			isa = PBXContainerItemProxy;
			containerPortal = DAA6FCF32C3E85FC009B35D4 /* Project object */;
			proxyType = 1;
			remoteGlobalIDString = DAA6FCFB2C3E85FC009B35D4;
			remoteInfo = EssentialFeed;
		};
		DAA6FD062C3E85FC009B35D4 /* PBXContainerItemProxy */ = {
			isa = PBXContainerItemProxy;
			containerPortal = DAA6FCF32C3E85FC009B35D4 /* Project object */;
			proxyType = 1;
			remoteGlobalIDString = DAA6FCFB2C3E85FC009B35D4;
			remoteInfo = EssentialFeed;
		};
/* End PBXContainerItemProxy section */

/* Begin PBXFileReference section */
		DA0A21AB2C48DFCA00423F65 /* FeedItem.swift */ = {isa = PBXFileReference; lastKnownFileType = sourcecode.swift; path = FeedItem.swift; sourceTree = "<group>"; };
		DA0E8E3A2C79AFC400B9DEB4 /* CacheFeedUseCasesTests.swift */ = {isa = PBXFileReference; lastKnownFileType = sourcecode.swift; path = CacheFeedUseCasesTests.swift; sourceTree = "<group>"; };
		DA1765762C8AC9BD0075271B /* LocalFeedLoader.swift */ = {isa = PBXFileReference; lastKnownFileType = sourcecode.swift; path = LocalFeedLoader.swift; sourceTree = "<group>"; };
		DA1765782C8ACA090075271B /* FeedStore.swift */ = {isa = PBXFileReference; lastKnownFileType = sourcecode.swift; path = FeedStore.swift; sourceTree = "<group>"; };
		DA17657A2C8B03CE0075271B /* RemoteFeedItem.swift */ = {isa = PBXFileReference; lastKnownFileType = sourcecode.swift; path = RemoteFeedItem.swift; sourceTree = "<group>"; };
		DA17657C2C8B03ED0075271B /* LocalFeedItem.swift */ = {isa = PBXFileReference; lastKnownFileType = sourcecode.swift; path = LocalFeedItem.swift; sourceTree = "<group>"; };
		DA1EE0E82C5D419A005A211C /* XCTestCase+MemoryLeakTracking.swift */ = {isa = PBXFileReference; lastKnownFileType = sourcecode.swift; path = "XCTestCase+MemoryLeakTracking.swift"; sourceTree = "<group>"; };
		DA1EE0EA2C5D562D005A211C /* URLSessionHTTPClient.swift */ = {isa = PBXFileReference; lastKnownFileType = sourcecode.swift; path = URLSessionHTTPClient.swift; sourceTree = "<group>"; };
		DA49589B2C451BE3002229C2 /* RemoteFeedLoader.swift */ = {isa = PBXFileReference; lastKnownFileType = sourcecode.swift; path = RemoteFeedLoader.swift; sourceTree = "<group>"; };
		DA58C8FE2C627B3400A8F992 /* EssentialFeed.xctestplan */ = {isa = PBXFileReference; lastKnownFileType = text; path = EssentialFeed.xctestplan; sourceTree = "<group>"; };
		DA58C9032C627D4600A8F992 /* EssentialFeedAPIEndToEndTests.xctest */ = {isa = PBXFileReference; explicitFileType = wrapper.cfbundle; includeInIndex = 0; path = EssentialFeedAPIEndToEndTests.xctest; sourceTree = BUILT_PRODUCTS_DIR; };
		DA58C9052C627D4600A8F992 /* EssentialFeedAPIEndToEndTests.swift */ = {isa = PBXFileReference; lastKnownFileType = sourcecode.swift; path = EssentialFeedAPIEndToEndTests.swift; sourceTree = "<group>"; };
		DA58C90F2C62859700A8F992 /* CI.xctestplan */ = {isa = PBXFileReference; lastKnownFileType = text; path = CI.xctestplan; sourceTree = SOURCE_ROOT; };
		DA9632742C58E59D006069BB /* URLSessionHTTPClientTests.swift */ = {isa = PBXFileReference; lastKnownFileType = sourcecode.swift; path = URLSessionHTTPClientTests.swift; sourceTree = "<group>"; };
		DA9B2ED02C3F9438003BDF58 /* LoadFeedFromRemoteUseCaseTests.swift */ = {isa = PBXFileReference; lastKnownFileType = sourcecode.swift; path = LoadFeedFromRemoteUseCaseTests.swift; sourceTree = "<group>"; };
		DAA6FCFC2C3E85FC009B35D4 /* EssentialFeed.framework */ = {isa = PBXFileReference; explicitFileType = wrapper.framework; includeInIndex = 0; path = EssentialFeed.framework; sourceTree = BUILT_PRODUCTS_DIR; };
		DAA6FD042C3E85FC009B35D4 /* EssentialFeedTests.xctest */ = {isa = PBXFileReference; explicitFileType = wrapper.cfbundle; includeInIndex = 0; path = EssentialFeedTests.xctest; sourceTree = BUILT_PRODUCTS_DIR; };
		DABF90102C50AE4C008DD2CD /* HTTPClient.swift */ = {isa = PBXFileReference; lastKnownFileType = sourcecode.swift; path = HTTPClient.swift; sourceTree = "<group>"; };
		DABF90122C50AE7D008DD2CD /* FeedItemsMapper.swift */ = {isa = PBXFileReference; lastKnownFileType = sourcecode.swift; path = FeedItemsMapper.swift; sourceTree = "<group>"; };
		DAF0CF692C539C2800D6C86E /* FeedLoader.swift */ = {isa = PBXFileReference; lastKnownFileType = sourcecode.swift; path = FeedLoader.swift; sourceTree = "<group>"; };
/* End PBXFileReference section */

/* Begin PBXFrameworksBuildPhase section */
		DA58C9002C627D4600A8F992 /* Frameworks */ = {
			isa = PBXFrameworksBuildPhase;
			buildActionMask = 2147483647;
			files = (
				DA58C9072C627D4600A8F992 /* EssentialFeed.framework in Frameworks */,
			);
			runOnlyForDeploymentPostprocessing = 0;
		};
		DAA6FCF92C3E85FC009B35D4 /* Frameworks */ = {
			isa = PBXFrameworksBuildPhase;
			buildActionMask = 2147483647;
			files = (
			);
			runOnlyForDeploymentPostprocessing = 0;
		};
		DAA6FD012C3E85FC009B35D4 /* Frameworks */ = {
			isa = PBXFrameworksBuildPhase;
			buildActionMask = 2147483647;
			files = (
				DAA6FD052C3E85FC009B35D4 /* EssentialFeed.framework in Frameworks */,
			);
			runOnlyForDeploymentPostprocessing = 0;
		};
/* End PBXFrameworksBuildPhase section */

/* Begin PBXGroup section */
		DA0A21AA2C48DFC200423F65 /* Feed Feature */ = {
			isa = PBXGroup;
			children = (
				DA0A21AB2C48DFCA00423F65 /* FeedItem.swift */,
				DAF0CF692C539C2800D6C86E /* FeedLoader.swift */,
			);
			path = "Feed Feature";
			sourceTree = "<group>";
		};
		DA0E8E392C79AFA700B9DEB4 /* Feed Cache */ = {
			isa = PBXGroup;
			children = (
				DA0E8E3A2C79AFC400B9DEB4 /* CacheFeedUseCasesTests.swift */,
			);
			path = "Feed Cache";
			sourceTree = "<group>";
		};
		DA1765752C8AC9AC0075271B /* FeedCache */ = {
			isa = PBXGroup;
			children = (
				DA1765762C8AC9BD0075271B /* LocalFeedLoader.swift */,
				DA1765782C8ACA090075271B /* FeedStore.swift */,
				DA17657C2C8B03ED0075271B /* LocalFeedItem.swift */,
			);
			path = FeedCache;
			sourceTree = "<group>";
		};
		DA1EE0E72C5D4186005A211C /* Helpers */ = {
			isa = PBXGroup;
			children = (
				DA1EE0E82C5D419A005A211C /* XCTestCase+MemoryLeakTracking.swift */,
			);
			path = Helpers;
			sourceTree = "<group>";
		};
		DA49589A2C451BDD002229C2 /* Feed API */ = {
			isa = PBXGroup;
			children = (
				DA49589B2C451BE3002229C2 /* RemoteFeedLoader.swift */,
				DABF90122C50AE7D008DD2CD /* FeedItemsMapper.swift */,
				DABF90102C50AE4C008DD2CD /* HTTPClient.swift */,
				DA17657A2C8B03CE0075271B /* RemoteFeedItem.swift */,
				DA1EE0EA2C5D562D005A211C /* URLSessionHTTPClient.swift */,
			);
			path = "Feed API";
			sourceTree = "<group>";
		};
		DA58C9042C627D4600A8F992 /* EssentialFeedAPIEndToEndTests */ = {
			isa = PBXGroup;
			children = (
				DA58C9052C627D4600A8F992 /* EssentialFeedAPIEndToEndTests.swift */,
				DA58C90F2C62859700A8F992 /* CI.xctestplan */,
			);
			path = EssentialFeedAPIEndToEndTests;
			sourceTree = "<group>";
		};
		DAA6FCF22C3E85FC009B35D4 = {
			isa = PBXGroup;
			children = (
				DA58C8FE2C627B3400A8F992 /* EssentialFeed.xctestplan */,
				DAA6FCFE2C3E85FC009B35D4 /* EssentialFeed */,
				DAA6FD082C3E85FC009B35D4 /* EssentialFeedTests */,
				DA58C9042C627D4600A8F992 /* EssentialFeedAPIEndToEndTests */,
				DAA6FCFD2C3E85FC009B35D4 /* Products */,
			);
			sourceTree = "<group>";
		};
		DAA6FCFD2C3E85FC009B35D4 /* Products */ = {
			isa = PBXGroup;
			children = (
				DAA6FCFC2C3E85FC009B35D4 /* EssentialFeed.framework */,
				DAA6FD042C3E85FC009B35D4 /* EssentialFeedTests.xctest */,
				DA58C9032C627D4600A8F992 /* EssentialFeedAPIEndToEndTests.xctest */,
			);
			name = Products;
			sourceTree = "<group>";
		};
		DAA6FCFE2C3E85FC009B35D4 /* EssentialFeed */ = {
			isa = PBXGroup;
			children = (
				DA1765752C8AC9AC0075271B /* FeedCache */,
				DA0A21AA2C48DFC200423F65 /* Feed Feature */,
				DA49589A2C451BDD002229C2 /* Feed API */,
			);
			path = EssentialFeed;
			sourceTree = "<group>";
		};
		DAA6FD082C3E85FC009B35D4 /* EssentialFeedTests */ = {
			isa = PBXGroup;
			children = (
				DA1EE0E72C5D4186005A211C /* Helpers */,
				DA0E8E392C79AFA700B9DEB4 /* Feed Cache */,
				DABF90142C50CF41008DD2CD /* Feed API */,
			);
			path = EssentialFeedTests;
			sourceTree = "<group>";
		};
		DABF90142C50CF41008DD2CD /* Feed API */ = {
			isa = PBXGroup;
			children = (
				DA9B2ED02C3F9438003BDF58 /* LoadFeedFromRemoteUseCaseTests.swift */,
				DA9632742C58E59D006069BB /* URLSessionHTTPClientTests.swift */,
			);
			path = "Feed API";
			sourceTree = "<group>";
		};
/* End PBXGroup section */

/* Begin PBXHeadersBuildPhase section */
		DAA6FCF72C3E85FC009B35D4 /* Headers */ = {
			isa = PBXHeadersBuildPhase;
			buildActionMask = 2147483647;
			files = (
			);
			runOnlyForDeploymentPostprocessing = 0;
		};
/* End PBXHeadersBuildPhase section */

/* Begin PBXNativeTarget section */
		DA58C9022C627D4600A8F992 /* EssentialFeedAPIEndToEndTests */ = {
			isa = PBXNativeTarget;
			buildConfigurationList = DA58C90A2C627D4600A8F992 /* Build configuration list for PBXNativeTarget "EssentialFeedAPIEndToEndTests" */;
			buildPhases = (
				DA58C8FF2C627D4600A8F992 /* Sources */,
				DA58C9002C627D4600A8F992 /* Frameworks */,
				DA58C9012C627D4600A8F992 /* Resources */,
			);
			buildRules = (
			);
			dependencies = (
				DA58C9092C627D4600A8F992 /* PBXTargetDependency */,
			);
			name = EssentialFeedAPIEndToEndTests;
			productName = EssentialFeedAPIEndToEndTests;
			productReference = DA58C9032C627D4600A8F992 /* EssentialFeedAPIEndToEndTests.xctest */;
			productType = "com.apple.product-type.bundle.unit-test";
		};
		DAA6FCFB2C3E85FC009B35D4 /* EssentialFeed */ = {
			isa = PBXNativeTarget;
			buildConfigurationList = DAA6FD0E2C3E85FC009B35D4 /* Build configuration list for PBXNativeTarget "EssentialFeed" */;
			buildPhases = (
				DAA6FCF72C3E85FC009B35D4 /* Headers */,
				DAA6FCF82C3E85FC009B35D4 /* Sources */,
				DAA6FCF92C3E85FC009B35D4 /* Frameworks */,
				DAA6FCFA2C3E85FC009B35D4 /* Resources */,
			);
			buildRules = (
			);
			dependencies = (
			);
			name = EssentialFeed;
			productName = EssentialFeed;
			productReference = DAA6FCFC2C3E85FC009B35D4 /* EssentialFeed.framework */;
			productType = "com.apple.product-type.framework";
		};
		DAA6FD032C3E85FC009B35D4 /* EssentialFeedTests */ = {
			isa = PBXNativeTarget;
			buildConfigurationList = DAA6FD112C3E85FC009B35D4 /* Build configuration list for PBXNativeTarget "EssentialFeedTests" */;
			buildPhases = (
				DAA6FD002C3E85FC009B35D4 /* Sources */,
				DAA6FD012C3E85FC009B35D4 /* Frameworks */,
				DAA6FD022C3E85FC009B35D4 /* Resources */,
			);
			buildRules = (
			);
			dependencies = (
				DAA6FD072C3E85FC009B35D4 /* PBXTargetDependency */,
			);
			name = EssentialFeedTests;
			productName = EssentialFeedTests;
			productReference = DAA6FD042C3E85FC009B35D4 /* EssentialFeedTests.xctest */;
			productType = "com.apple.product-type.bundle.unit-test";
		};
/* End PBXNativeTarget section */

/* Begin PBXProject section */
		DAA6FCF32C3E85FC009B35D4 /* Project object */ = {
			isa = PBXProject;
			attributes = {
				BuildIndependentTargetsInParallel = 1;
				LastSwiftUpdateCheck = 1430;
				LastUpgradeCheck = 1430;
				TargetAttributes = {
					DA58C9022C627D4600A8F992 = {
						CreatedOnToolsVersion = 14.3.1;
					};
					DAA6FCFB2C3E85FC009B35D4 = {
						CreatedOnToolsVersion = 14.3.1;
						LastSwiftMigration = 1430;
					};
					DAA6FD032C3E85FC009B35D4 = {
						CreatedOnToolsVersion = 14.3.1;
					};
				};
			};
			buildConfigurationList = DAA6FCF62C3E85FC009B35D4 /* Build configuration list for PBXProject "EssentialFeed" */;
			compatibilityVersion = "Xcode 14.0";
			developmentRegion = en;
			hasScannedForEncodings = 0;
			knownRegions = (
				en,
				Base,
			);
			mainGroup = DAA6FCF22C3E85FC009B35D4;
			productRefGroup = DAA6FCFD2C3E85FC009B35D4 /* Products */;
			projectDirPath = "";
			projectRoot = "";
			targets = (
				DAA6FCFB2C3E85FC009B35D4 /* EssentialFeed */,
				DAA6FD032C3E85FC009B35D4 /* EssentialFeedTests */,
				DA58C9022C627D4600A8F992 /* EssentialFeedAPIEndToEndTests */,
			);
		};
/* End PBXProject section */

/* Begin PBXResourcesBuildPhase section */
		DA58C9012C627D4600A8F992 /* Resources */ = {
			isa = PBXResourcesBuildPhase;
			buildActionMask = 2147483647;
			files = (
			);
			runOnlyForDeploymentPostprocessing = 0;
		};
		DAA6FCFA2C3E85FC009B35D4 /* Resources */ = {
			isa = PBXResourcesBuildPhase;
			buildActionMask = 2147483647;
			files = (
			);
			runOnlyForDeploymentPostprocessing = 0;
		};
		DAA6FD022C3E85FC009B35D4 /* Resources */ = {
			isa = PBXResourcesBuildPhase;
			buildActionMask = 2147483647;
			files = (
			);
			runOnlyForDeploymentPostprocessing = 0;
		};
/* End PBXResourcesBuildPhase section */

/* Begin PBXSourcesBuildPhase section */
		DA58C8FF2C627D4600A8F992 /* Sources */ = {
			isa = PBXSourcesBuildPhase;
			buildActionMask = 2147483647;
			files = (
				DA58C9062C627D4600A8F992 /* EssentialFeedAPIEndToEndTests.swift in Sources */,
				DA58C90E2C62845100A8F992 /* XCTestCase+MemoryLeakTracking.swift in Sources */,
			);
			runOnlyForDeploymentPostprocessing = 0;
		};
		DAA6FCF82C3E85FC009B35D4 /* Sources */ = {
			isa = PBXSourcesBuildPhase;
			buildActionMask = 2147483647;
			files = (
				DA0A21AC2C48DFCA00423F65 /* FeedItem.swift in Sources */,
				DA49589C2C451BE3002229C2 /* RemoteFeedLoader.swift in Sources */,
				DA17657B2C8B03CE0075271B /* RemoteFeedItem.swift in Sources */,
				DABF90112C50AE4C008DD2CD /* HTTPClient.swift in Sources */,
				DA17657D2C8B03ED0075271B /* LocalFeedItem.swift in Sources */,
				DA1765792C8ACA090075271B /* FeedStore.swift in Sources */,
				DA1765772C8AC9BD0075271B /* LocalFeedLoader.swift in Sources */,
				DAF0CF6A2C539C2800D6C86E /* FeedLoader.swift in Sources */,
				DABF90132C50AE7D008DD2CD /* FeedItemsMapper.swift in Sources */,
				DA1EE0EB2C5D562D005A211C /* URLSessionHTTPClient.swift in Sources */,
			);
			runOnlyForDeploymentPostprocessing = 0;
		};
		DAA6FD002C3E85FC009B35D4 /* Sources */ = {
			isa = PBXSourcesBuildPhase;
			buildActionMask = 2147483647;
			files = (
				DA9B2ED12C3F9438003BDF58 /* LoadFeedFromRemoteUseCaseTests.swift in Sources */,
				DA9632752C58E59D006069BB /* URLSessionHTTPClientTests.swift in Sources */,
				DA0E8E3B2C79AFC400B9DEB4 /* CacheFeedUseCasesTests.swift in Sources */,
				DA1EE0E92C5D419A005A211C /* XCTestCase+MemoryLeakTracking.swift in Sources */,
			);
			runOnlyForDeploymentPostprocessing = 0;
		};
/* End PBXSourcesBuildPhase section */

/* Begin PBXTargetDependency section */
		DA58C9092C627D4600A8F992 /* PBXTargetDependency */ = {
			isa = PBXTargetDependency;
			target = DAA6FCFB2C3E85FC009B35D4 /* EssentialFeed */;
			targetProxy = DA58C9082C627D4600A8F992 /* PBXContainerItemProxy */;
		};
		DAA6FD072C3E85FC009B35D4 /* PBXTargetDependency */ = {
			isa = PBXTargetDependency;
			target = DAA6FCFB2C3E85FC009B35D4 /* EssentialFeed */;
			targetProxy = DAA6FD062C3E85FC009B35D4 /* PBXContainerItemProxy */;
		};
/* End PBXTargetDependency section */

/* Begin XCBuildConfiguration section */
		DA58C90B2C627D4600A8F992 /* Debug */ = {
			isa = XCBuildConfiguration;
			buildSettings = {
				CODE_SIGN_STYLE = Manual;
				CURRENT_PROJECT_VERSION = 1;
				DEVELOPMENT_TEAM = "";
				GENERATE_INFOPLIST_FILE = YES;
				MARKETING_VERSION = 1.0;
				PRODUCT_BUNDLE_IDENTIFIER = com.essentialDeveloper.EssentialFeedAPIEndToEndTests;
				PRODUCT_NAME = "$(TARGET_NAME)";
				PROVISIONING_PROFILE_SPECIFIER = "";
				SWIFT_EMIT_LOC_STRINGS = NO;
				SWIFT_VERSION = 5.0;
			};
			name = Debug;
		};
		DA58C90C2C627D4600A8F992 /* Release */ = {
			isa = XCBuildConfiguration;
			buildSettings = {
				CODE_SIGN_STYLE = Manual;
				CURRENT_PROJECT_VERSION = 1;
				DEVELOPMENT_TEAM = "";
				GENERATE_INFOPLIST_FILE = YES;
				MARKETING_VERSION = 1.0;
				PRODUCT_BUNDLE_IDENTIFIER = com.essentialDeveloper.EssentialFeedAPIEndToEndTests;
				PRODUCT_NAME = "$(TARGET_NAME)";
				PROVISIONING_PROFILE_SPECIFIER = "";
				SWIFT_EMIT_LOC_STRINGS = NO;
				SWIFT_VERSION = 5.0;
			};
			name = Release;
		};
		DAA6FD0C2C3E85FC009B35D4 /* Debug */ = {
			isa = XCBuildConfiguration;
			buildSettings = {
				ALWAYS_SEARCH_USER_PATHS = NO;
				CLANG_ANALYZER_NONNULL = YES;
				CLANG_ANALYZER_NUMBER_OBJECT_CONVERSION = YES_AGGRESSIVE;
				CLANG_CXX_LANGUAGE_STANDARD = "gnu++20";
				CLANG_ENABLE_MODULES = YES;
				CLANG_ENABLE_OBJC_ARC = YES;
				CLANG_ENABLE_OBJC_WEAK = YES;
				CLANG_WARN_BLOCK_CAPTURE_AUTORELEASING = YES;
				CLANG_WARN_BOOL_CONVERSION = YES;
				CLANG_WARN_COMMA = YES;
				CLANG_WARN_CONSTANT_CONVERSION = YES;
				CLANG_WARN_DEPRECATED_OBJC_IMPLEMENTATIONS = YES;
				CLANG_WARN_DIRECT_OBJC_ISA_USAGE = YES_ERROR;
				CLANG_WARN_DOCUMENTATION_COMMENTS = YES;
				CLANG_WARN_EMPTY_BODY = YES;
				CLANG_WARN_ENUM_CONVERSION = YES;
				CLANG_WARN_INFINITE_RECURSION = YES;
				CLANG_WARN_INT_CONVERSION = YES;
				CLANG_WARN_NON_LITERAL_NULL_CONVERSION = YES;
				CLANG_WARN_OBJC_IMPLICIT_RETAIN_SELF = YES;
				CLANG_WARN_OBJC_LITERAL_CONVERSION = YES;
				CLANG_WARN_OBJC_ROOT_CLASS = YES_ERROR;
				CLANG_WARN_QUOTED_INCLUDE_IN_FRAMEWORK_HEADER = YES;
				CLANG_WARN_RANGE_LOOP_ANALYSIS = YES;
				CLANG_WARN_STRICT_PROTOTYPES = YES;
				CLANG_WARN_SUSPICIOUS_MOVE = YES;
				CLANG_WARN_UNGUARDED_AVAILABILITY = YES_AGGRESSIVE;
				CLANG_WARN_UNREACHABLE_CODE = YES;
				CLANG_WARN__DUPLICATE_METHOD_MATCH = YES;
				COPY_PHASE_STRIP = NO;
				CURRENT_PROJECT_VERSION = 1;
				DEBUG_INFORMATION_FORMAT = dwarf;
				ENABLE_STRICT_OBJC_MSGSEND = YES;
				ENABLE_TESTABILITY = YES;
				GCC_C_LANGUAGE_STANDARD = gnu11;
				GCC_DYNAMIC_NO_PIC = NO;
				GCC_NO_COMMON_BLOCKS = YES;
				GCC_OPTIMIZATION_LEVEL = 0;
				GCC_PREPROCESSOR_DEFINITIONS = (
					"DEBUG=1",
					"$(inherited)",
				);
				GCC_WARN_64_TO_32_BIT_CONVERSION = YES;
				GCC_WARN_ABOUT_RETURN_TYPE = YES_ERROR;
				GCC_WARN_UNDECLARED_SELECTOR = YES;
				GCC_WARN_UNINITIALIZED_AUTOS = YES_AGGRESSIVE;
				GCC_WARN_UNUSED_FUNCTION = YES;
				GCC_WARN_UNUSED_VARIABLE = YES;
				MACOSX_DEPLOYMENT_TARGET = 13.3;
				MTL_ENABLE_DEBUG_INFO = INCLUDE_SOURCE;
				MTL_FAST_MATH = YES;
				ONLY_ACTIVE_ARCH = YES;
				SDKROOT = macosx;
				SWIFT_ACTIVE_COMPILATION_CONDITIONS = DEBUG;
				SWIFT_OPTIMIZATION_LEVEL = "-Onone";
				VERSIONING_SYSTEM = "apple-generic";
				VERSION_INFO_PREFIX = "";
			};
			name = Debug;
		};
		DAA6FD0D2C3E85FC009B35D4 /* Release */ = {
			isa = XCBuildConfiguration;
			buildSettings = {
				ALWAYS_SEARCH_USER_PATHS = NO;
				CLANG_ANALYZER_NONNULL = YES;
				CLANG_ANALYZER_NUMBER_OBJECT_CONVERSION = YES_AGGRESSIVE;
				CLANG_CXX_LANGUAGE_STANDARD = "gnu++20";
				CLANG_ENABLE_MODULES = YES;
				CLANG_ENABLE_OBJC_ARC = YES;
				CLANG_ENABLE_OBJC_WEAK = YES;
				CLANG_WARN_BLOCK_CAPTURE_AUTORELEASING = YES;
				CLANG_WARN_BOOL_CONVERSION = YES;
				CLANG_WARN_COMMA = YES;
				CLANG_WARN_CONSTANT_CONVERSION = YES;
				CLANG_WARN_DEPRECATED_OBJC_IMPLEMENTATIONS = YES;
				CLANG_WARN_DIRECT_OBJC_ISA_USAGE = YES_ERROR;
				CLANG_WARN_DOCUMENTATION_COMMENTS = YES;
				CLANG_WARN_EMPTY_BODY = YES;
				CLANG_WARN_ENUM_CONVERSION = YES;
				CLANG_WARN_INFINITE_RECURSION = YES;
				CLANG_WARN_INT_CONVERSION = YES;
				CLANG_WARN_NON_LITERAL_NULL_CONVERSION = YES;
				CLANG_WARN_OBJC_IMPLICIT_RETAIN_SELF = YES;
				CLANG_WARN_OBJC_LITERAL_CONVERSION = YES;
				CLANG_WARN_OBJC_ROOT_CLASS = YES_ERROR;
				CLANG_WARN_QUOTED_INCLUDE_IN_FRAMEWORK_HEADER = YES;
				CLANG_WARN_RANGE_LOOP_ANALYSIS = YES;
				CLANG_WARN_STRICT_PROTOTYPES = YES;
				CLANG_WARN_SUSPICIOUS_MOVE = YES;
				CLANG_WARN_UNGUARDED_AVAILABILITY = YES_AGGRESSIVE;
				CLANG_WARN_UNREACHABLE_CODE = YES;
				CLANG_WARN__DUPLICATE_METHOD_MATCH = YES;
				COPY_PHASE_STRIP = NO;
				CURRENT_PROJECT_VERSION = 1;
				DEBUG_INFORMATION_FORMAT = "dwarf-with-dsym";
				ENABLE_NS_ASSERTIONS = NO;
				ENABLE_STRICT_OBJC_MSGSEND = YES;
				GCC_C_LANGUAGE_STANDARD = gnu11;
				GCC_NO_COMMON_BLOCKS = YES;
				GCC_WARN_64_TO_32_BIT_CONVERSION = YES;
				GCC_WARN_ABOUT_RETURN_TYPE = YES_ERROR;
				GCC_WARN_UNDECLARED_SELECTOR = YES;
				GCC_WARN_UNINITIALIZED_AUTOS = YES_AGGRESSIVE;
				GCC_WARN_UNUSED_FUNCTION = YES;
				GCC_WARN_UNUSED_VARIABLE = YES;
				MACOSX_DEPLOYMENT_TARGET = 13.3;
				MTL_ENABLE_DEBUG_INFO = NO;
				MTL_FAST_MATH = YES;
				SDKROOT = macosx;
				SWIFT_COMPILATION_MODE = wholemodule;
				SWIFT_OPTIMIZATION_LEVEL = "-O";
				VERSIONING_SYSTEM = "apple-generic";
				VERSION_INFO_PREFIX = "";
			};
			name = Release;
		};
		DAA6FD0F2C3E85FC009B35D4 /* Debug */ = {
			isa = XCBuildConfiguration;
			buildSettings = {
				CLANG_ENABLE_MODULES = YES;
				CODE_SIGN_IDENTITY = "Apple Development";
				CODE_SIGN_STYLE = Automatic;
				COMBINE_HIDPI_IMAGES = YES;
				CURRENT_PROJECT_VERSION = 1;
				DEFINES_MODULE = YES;
				DEVELOPMENT_TEAM = "";
				DYLIB_COMPATIBILITY_VERSION = 1;
				DYLIB_CURRENT_VERSION = 1;
				DYLIB_INSTALL_NAME_BASE = "@rpath";
				ENABLE_MODULE_VERIFIER = YES;
				GENERATE_INFOPLIST_FILE = YES;
				INFOPLIST_KEY_NSHumanReadableCopyright = "";
				INSTALL_PATH = "$(LOCAL_LIBRARY_DIR)/Frameworks";
				LD_RUNPATH_SEARCH_PATHS = (
					"$(inherited)",
					"@executable_path/../Frameworks",
					"@loader_path/Frameworks",
				);
				MARKETING_VERSION = 1.0;
				MODULE_VERIFIER_SUPPORTED_LANGUAGES = "objective-c objective-c++";
				MODULE_VERIFIER_SUPPORTED_LANGUAGE_STANDARDS = "gnu11 gnu++20";
				PRODUCT_BUNDLE_IDENTIFIER = com.essentialDeveloper.EssentialFeed;
				PRODUCT_NAME = "$(TARGET_NAME:c99extidentifier)";
				PROVISIONING_PROFILE_SPECIFIER = "";
				SKIP_INSTALL = YES;
				SWIFT_EMIT_LOC_STRINGS = YES;
				SWIFT_OPTIMIZATION_LEVEL = "-Onone";
				SWIFT_VERSION = 5.0;
			};
			name = Debug;
		};
		DAA6FD102C3E85FC009B35D4 /* Release */ = {
			isa = XCBuildConfiguration;
			buildSettings = {
				CLANG_ENABLE_MODULES = YES;
				CODE_SIGN_IDENTITY = "Apple Development";
				CODE_SIGN_STYLE = Automatic;
				COMBINE_HIDPI_IMAGES = YES;
				CURRENT_PROJECT_VERSION = 1;
				DEFINES_MODULE = YES;
				DEVELOPMENT_TEAM = "";
				DYLIB_COMPATIBILITY_VERSION = 1;
				DYLIB_CURRENT_VERSION = 1;
				DYLIB_INSTALL_NAME_BASE = "@rpath";
				ENABLE_MODULE_VERIFIER = YES;
				GENERATE_INFOPLIST_FILE = YES;
				INFOPLIST_KEY_NSHumanReadableCopyright = "";
				INSTALL_PATH = "$(LOCAL_LIBRARY_DIR)/Frameworks";
				LD_RUNPATH_SEARCH_PATHS = (
					"$(inherited)",
					"@executable_path/../Frameworks",
					"@loader_path/Frameworks",
				);
				MARKETING_VERSION = 1.0;
				MODULE_VERIFIER_SUPPORTED_LANGUAGES = "objective-c objective-c++";
				MODULE_VERIFIER_SUPPORTED_LANGUAGE_STANDARDS = "gnu11 gnu++20";
				PRODUCT_BUNDLE_IDENTIFIER = com.essentialDeveloper.EssentialFeed;
				PRODUCT_NAME = "$(TARGET_NAME:c99extidentifier)";
				PROVISIONING_PROFILE_SPECIFIER = "";
				SKIP_INSTALL = YES;
				SWIFT_EMIT_LOC_STRINGS = YES;
				SWIFT_VERSION = 5.0;
			};
			name = Release;
		};
		DAA6FD122C3E85FC009B35D4 /* Debug */ = {
			isa = XCBuildConfiguration;
			buildSettings = {
				ALWAYS_EMBED_SWIFT_STANDARD_LIBRARIES = YES;
				CODE_SIGN_IDENTITY = "Apple Development";
				"CODE_SIGN_IDENTITY[sdk=macosx*]" = "-";
				CODE_SIGN_STYLE = Automatic;
				CURRENT_PROJECT_VERSION = 1;
				DEVELOPMENT_TEAM = 7BQ7XA9X92;
				GENERATE_INFOPLIST_FILE = YES;
				MARKETING_VERSION = 1.0;
				PRODUCT_BUNDLE_IDENTIFIER = com.essentialDeveloper.EssentialFeedTests;
				PRODUCT_NAME = "$(TARGET_NAME)";
				PROVISIONING_PROFILE_SPECIFIER = "";
				SWIFT_EMIT_LOC_STRINGS = NO;
				SWIFT_VERSION = 5.0;
			};
			name = Debug;
		};
		DAA6FD132C3E85FC009B35D4 /* Release */ = {
			isa = XCBuildConfiguration;
			buildSettings = {
				ALWAYS_EMBED_SWIFT_STANDARD_LIBRARIES = YES;
				CODE_SIGN_IDENTITY = "Apple Development";
				"CODE_SIGN_IDENTITY[sdk=macosx*]" = "-";
				CODE_SIGN_STYLE = Automatic;
				CURRENT_PROJECT_VERSION = 1;
				DEVELOPMENT_TEAM = 7BQ7XA9X92;
				GENERATE_INFOPLIST_FILE = YES;
				MARKETING_VERSION = 1.0;
				PRODUCT_BUNDLE_IDENTIFIER = com.essentialDeveloper.EssentialFeedTests;
				PRODUCT_NAME = "$(TARGET_NAME)";
				PROVISIONING_PROFILE_SPECIFIER = "";
				SWIFT_EMIT_LOC_STRINGS = NO;
				SWIFT_VERSION = 5.0;
			};
			name = Release;
		};
/* End XCBuildConfiguration section */

/* Begin XCConfigurationList section */
		DA58C90A2C627D4600A8F992 /* Build configuration list for PBXNativeTarget "EssentialFeedAPIEndToEndTests" */ = {
			isa = XCConfigurationList;
			buildConfigurations = (
				DA58C90B2C627D4600A8F992 /* Debug */,
				DA58C90C2C627D4600A8F992 /* Release */,
			);
			defaultConfigurationIsVisible = 0;
			defaultConfigurationName = Release;
		};
		DAA6FCF62C3E85FC009B35D4 /* Build configuration list for PBXProject "EssentialFeed" */ = {
			isa = XCConfigurationList;
			buildConfigurations = (
				DAA6FD0C2C3E85FC009B35D4 /* Debug */,
				DAA6FD0D2C3E85FC009B35D4 /* Release */,
			);
			defaultConfigurationIsVisible = 0;
			defaultConfigurationName = Release;
		};
		DAA6FD0E2C3E85FC009B35D4 /* Build configuration list for PBXNativeTarget "EssentialFeed" */ = {
			isa = XCConfigurationList;
			buildConfigurations = (
				DAA6FD0F2C3E85FC009B35D4 /* Debug */,
				DAA6FD102C3E85FC009B35D4 /* Release */,
			);
			defaultConfigurationIsVisible = 0;
			defaultConfigurationName = Release;
		};
		DAA6FD112C3E85FC009B35D4 /* Build configuration list for PBXNativeTarget "EssentialFeedTests" */ = {
			isa = XCConfigurationList;
			buildConfigurations = (
				DAA6FD122C3E85FC009B35D4 /* Debug */,
				DAA6FD132C3E85FC009B35D4 /* Release */,
			);
			defaultConfigurationIsVisible = 0;
			defaultConfigurationName = Release;
		};
/* End XCConfigurationList section */
	};
	rootObject = DAA6FCF32C3E85FC009B35D4 /* Project object */;
}
